{
  "name": "codicons-whitespace",
  "version": "1.0.0",
  "lockfileVersion": 2,
  "requires": true,
  "packages": {
    "": {
      "name": "codicons-whitespace",
      "version": "1.0.0",
      "license": "ISC",
      "dependencies": {
        "@vscode/codicons": "^0.0.31"
      }
    },
    "node_modules/@vscode/codicons": {
      "version": "0.0.31",
      "resolved": "https://registry.npmjs.org/@vscode/codicons/-/codicons-0.0.31.tgz",
      "integrity": "sha512-fldpXy7pHsQAMlU1pnGI23ypQ6xLk5u6SiABMFoAmlj4f2MR0iwg7C19IB1xvAEGG+dkxOfRSrbKF8ry7QqGQA=="
    }
  },
  "dependencies": {
    "@vscode/codicons": {
      "version": "0.0.31",
      "resolved": "https://registry.npmjs.org/@vscode/codicons/-/codicons-0.0.31.tgz",
      "integrity": "sha512-fldpXy7pHsQAMlU1pnGI23ypQ6xLk5u6SiABMFoAmlj4f2MR0iwg7C19IB1xvAEGG+dkxOfRSrbKF8ry7QqGQA=="
    }
  }
}
